
Microsoft Visual Studio Solution File, Format Version 12.00
# Visual Studio Version 17
VisualStudioVersion = 17.6.33815.320
MinimumVisualStudioVersion = 10.0.40219.1
Project("{8BC9CEB8-8B4A-11D0-8D11-00A0C91BC942}") = "Particle Simulator", "ParticleSimulator\ParticleSimulator.vcxproj", "{7E557317-A837-4B4E-8575-16FC5B31684E}"
EndProject
Global
	GlobalSection(SolutionConfigurationPlatforms) = preSolution
		Debug|x64 = Debug|x64
		Debug|x86 = Debug|x86
		Release|x64 = Release|x64
		Release|x86 = Release|x86
	EndGlobalSection
	GlobalSection(ProjectConfigurationPlatforms) = postSolution
		{7E557317-A837-4B4E-8575-16FC5B31684E}.Debug|x64.ActiveCfg = Debug|x64
		{7E557317-A837-4B4E-8575-16FC5B31684E}.Debug|x64.Build.0 = Debug|x64
		{7E557317-A837-4B4E-8575-16FC5B31684E}.Debug|x86.ActiveCfg = Debug|Win32
		{7E557317-A837-4B4E-8575-16FC5B31684E}.Debug|x86.Build.0 = Debug|Win32
		{7E557317-A837-4B4E-8575-16FC5B31684E}.Release|x64.ActiveCfg = Release|x64
		{7E557317-A837-4B4E-8575-16FC5B31684E}.Release|x64.Build.0 = Release|x64
		{7E557317-A837-4B4E-8575-16FC5B31684E}.Release|x86.ActiveCfg = Release|Win32
		{7E557317-A837-4B4E-8575-16FC5B31684E}.Release|x86.Build.0 = Release|Win32
	EndGlobalSection
	GlobalSection(SolutionProperties) = preSolution
		HideSolutionNode = FALSE
	EndGlobalSection
	GlobalSection(ExtensibilityGlobals) = postSolution
		SolutionGuid = {5FEAF6F6-F2F3-43BA-817B-72CB2238FB04}
	EndGlobalSection
EndGlobal
